{
  "version": 2,
  "dependencies": {
    "net10.0": {
      "Microsoft.CodeAnalysis.NetAnalyzers": {
        "type": "Direct",
        "requested": "[10.0.300, )",
        "resolved": "10.0.300",
        "contentHash": "WsPMVkfrmoZ0qKSasuVtYaxnd/MvqPOz7ZXld5NzyF8/kwwtPGjtmEKp4xDHG+pj4QqETpSVfkmKa0UFu/n1GQ=="
      },
      "morelinq": {
        "type": "Direct",
        "requested": "[4.4.0, )",
        "resolved": "4.4.0",
        "contentHash": "QX3bsK9oFeUXk8tFsc9NkI6NnCr8Ar/ex027p+ZZ/jdLCdX2RlryDtxUqZW5j45NVwn4E4Z4hzupsoMQd6Yxtg=="
      },
      "Nerdbank.GitVersioning": {
        "type": "Direct",
        "requested": "[3.9.50, )",
        "resolved": "3.9.50",
        "contentHash": "HtOgGF6jZ+WYbXnCUCYPT8Y2d6mIJo9ozjK/FINTRsXdm4Zgv9GehUMa7EFoGQkqrMcDJNOIDwCmENnvXg4UbA=="
      },
      "Nerdbank.MessagePack": {
        "type": "Direct",
        "requested": "[1.2.30, )",
        "resolved": "1.2.30",
        "contentHash": "tvHbuhME0PB5Q/A/J5/boPUPoW35RIiCWTLBom6x/wHRBLgAxG03xWEtxBCYBw6xfYfWM/YXF5jF6FuqR5/uIQ==",
        "dependencies": {
          "Microsoft.VisualStudio.Validation": "17.13.22",
          "PolyType": "1.3.1"
        }
      },
      "NorthSouthSystems.MessagePackable": {
        "type": "Direct",
        "requested": "[1.0.1, )",
        "resolved": "1.0.1",
        "contentHash": "VjUtT8om8hQSZaiLw/lK0RiVrYRunzs76s/UnFRMDXOcFuubh2GttbqlOMq9NdNPJ3c39A8HO9TmorLsEs9WkA==",
        "dependencies": {
          "Nerdbank.MessagePack": "1.2.30",
          "System.IO.Hashing": "10.0.9"
        }
      },
      "System.Linq.Dynamic.Core": {
        "type": "Direct",
        "requested": "[1.7.2, )",
        "resolved": "1.7.2",
        "contentHash": "11SGBy8DCywOVElSs2J+Cd4WFHruFrBnaaQ86q2HWHBGcCAQDLnbA0ivpFvMeXGPqcEPE+Q3HZtXaXN4F8JLQg=="
      },
      "Microsoft.VisualStudio.Validation": {
        "type": "Transitive",
        "resolved": "17.13.22",
        "contentHash": "fC20ITOxlUpGQ0ltAxITQbeFxwuB6OjLT3lByC4+/Gm46o/Mwv9hlIVrBhiUhnqdQzUUvr4EHkdiYe7WOSMLmw=="
      },
      "PolyType": {
        "type": "Transitive",
        "resolved": "1.3.1",
        "contentHash": "GFdJvsN/VczpP0GfdPIi0jDudGH2Emk3rcIJHdqwU2SL2zQm1xSl6OTYvQSUxvzHu3ClWo096ICdWXVkpifQUA=="
      },
      "System.IO.Hashing": {
        "type": "Transitive",
        "resolved": "10.0.9",
        "contentHash": "vixglGnKEexAJDeIRhyayZYzxyrgK1K9GU3K/zRZVwDbaDcMkSqj4WDHoVmQMNfsdUtLALfNSJw6mBIpdxie4A=="
      }
    }
  }
}